// !$*UTF8*$!
{
	archiveVersion = 1;
	classes = {
	};
	objectVersion = 48;
	objects = {

/* Begin PBXBuildFile section */
		4214D7322020C8AD0028DB0C /* NetworkManager.swift in Sources */ = {isa = PBXBuildFile; fileRef = 4214D7312020C8AD0028DB0C /* NetworkManager.swift */; };
		4214D73A2020E8490028DB0C /* APIManager.swift in Sources */ = {isa = PBXBuildFile; fileRef = 4214D7392020E8490028DB0C /* APIManager.swift */; };
		4214D7402022115E0028DB0C /* Menu.swift in Sources */ = {isa = PBXBuildFile; fileRef = 4214D73F2022115E0028DB0C /* Menu.swift */; };
		4214D7432023F1240028DB0C /* MUIAlertController.swift in Sources */ = {isa = PBXBuildFile; fileRef = 4214D7422023F1240028DB0C /* MUIAlertController.swift */; };
		4214D7462023F1670028DB0C /* MUIAlertAction.swift in Sources */ = {isa = PBXBuildFile; fileRef = 4214D7452023F1670028DB0C /* MUIAlertAction.swift */; };
		4214D7482023FA100028DB0C /* UIColor+MUIAlertController.swift in Sources */ = {isa = PBXBuildFile; fileRef = 4214D7472023FA100028DB0C /* UIColor+MUIAlertController.swift */; };
		4292368A202A0B4A00AEB2C8 /* MainCollectionViewCell.swift in Sources */ = {isa = PBXBuildFile; fileRef = 42923689202A0B4A00AEB2C8 /* MainCollectionViewCell.swift */; };
		42923690202CA40800AEB2C8 /* FavoritesViewController.swift in Sources */ = {isa = PBXBuildFile; fileRef = 4292368F202CA40800AEB2C8 /* FavoritesViewController.swift */; };
		42923692202CA44F00AEB2C8 /* MBaseViewController.swift in Sources */ = {isa = PBXBuildFile; fileRef = 42923691202CA44F00AEB2C8 /* MBaseViewController.swift */; };
		42923694202CA85C00AEB2C8 /* ErrorView.swift in Sources */ = {isa = PBXBuildFile; fileRef = 42923693202CA85C00AEB2C8 /* ErrorView.swift */; };
		42923697202E444100AEB2C8 /* User.swift in Sources */ = {isa = PBXBuildFile; fileRef = 42923696202E444100AEB2C8 /* User.swift */; };
		42923699202E48A500AEB2C8 /* UIImage+Gif.swift in Sources */ = {isa = PBXBuildFile; fileRef = 42923698202E48A500AEB2C8 /* UIImage+Gif.swift */; };
		4292369B202E533700AEB2C8 /* ImagesViewController.swift in Sources */ = {isa = PBXBuildFile; fileRef = 4292369A202E533700AEB2C8 /* ImagesViewController.swift */; };
		429236B72030958200AEB2C8 /* UIImage+Rotation.swift in Sources */ = {isa = PBXBuildFile; fileRef = 4292369E2030958200AEB2C8 /* UIImage+Rotation.swift */; };
		429236B82030958200AEB2C8 /* UIView+Radius.swift in Sources */ = {isa = PBXBuildFile; fileRef = 4292369F2030958200AEB2C8 /* UIView+Radius.swift */; };
		429236B92030958200AEB2C8 /* Info.plist in Resources */ = {isa = PBXBuildFile; fileRef = 429236A02030958200AEB2C8 /* Info.plist */; };
		429236BA2030958200AEB2C8 /* SKActionView.swift in Sources */ = {isa = PBXBuildFile; fileRef = 429236A12030958200AEB2C8 /* SKActionView.swift */; };
		429236BB2030958200AEB2C8 /* SKAnimator.swift in Sources */ = {isa = PBXBuildFile; fileRef = 429236A22030958200AEB2C8 /* SKAnimator.swift */; };
		429236BC2030958200AEB2C8 /* SKButtons.swift in Sources */ = {isa = PBXBuildFile; fileRef = 429236A32030958200AEB2C8 /* SKButtons.swift */; };
		429236BD2030958200AEB2C8 /* SKCache.swift in Sources */ = {isa = PBXBuildFile; fileRef = 429236A42030958200AEB2C8 /* SKCache.swift */; };
		429236BE2030958200AEB2C8 /* SKCacheable.swift in Sources */ = {isa = PBXBuildFile; fileRef = 429236A52030958200AEB2C8 /* SKCacheable.swift */; };
		429236BF2030958200AEB2C8 /* SKCaptionView.swift in Sources */ = {isa = PBXBuildFile; fileRef = 429236A62030958200AEB2C8 /* SKCaptionView.swift */; };
		429236C02030958200AEB2C8 /* SKDetectingImageView.swift in Sources */ = {isa = PBXBuildFile; fileRef = 429236A72030958200AEB2C8 /* SKDetectingImageView.swift */; };
		429236C12030958200AEB2C8 /* SKDetectingView.swift in Sources */ = {isa = PBXBuildFile; fileRef = 429236A82030958200AEB2C8 /* SKDetectingView.swift */; };
		429236C22030958200AEB2C8 /* SKIndicatorView.swift in Sources */ = {isa = PBXBuildFile; fileRef = 429236A92030958200AEB2C8 /* SKIndicatorView.swift */; };
		429236C32030958200AEB2C8 /* SKLocalPhoto.swift in Sources */ = {isa = PBXBuildFile; fileRef = 429236AA2030958200AEB2C8 /* SKLocalPhoto.swift */; };
		429236C42030958200AEB2C8 /* SKMesurement.swift in Sources */ = {isa = PBXBuildFile; fileRef = 429236AB2030958200AEB2C8 /* SKMesurement.swift */; };
		429236C52030958200AEB2C8 /* SKPaginationView.swift in Sources */ = {isa = PBXBuildFile; fileRef = 429236AC2030958200AEB2C8 /* SKPaginationView.swift */; };
		429236C62030958200AEB2C8 /* SKPagingScrollView.swift in Sources */ = {isa = PBXBuildFile; fileRef = 429236AD2030958200AEB2C8 /* SKPagingScrollView.swift */; };
		429236C72030958200AEB2C8 /* SKPhoto.swift in Sources */ = {isa = PBXBuildFile; fileRef = 429236AE2030958200AEB2C8 /* SKPhoto.swift */; };
		429236C82030958200AEB2C8 /* SKPhotoBrowser.bundle in Resources */ = {isa = PBXBuildFile; fileRef = 429236AF2030958200AEB2C8 /* SKPhotoBrowser.bundle */; };
		429236C92030958200AEB2C8 /* SKPhotoBrowser.swift in Sources */ = {isa = PBXBuildFile; fileRef = 429236B12030958200AEB2C8 /* SKPhotoBrowser.swift */; };
		429236CA2030958200AEB2C8 /* SKPhotoBrowserDelegate.swift in Sources */ = {isa = PBXBuildFile; fileRef = 429236B22030958200AEB2C8 /* SKPhotoBrowserDelegate.swift */; };
		429236CB2030958200AEB2C8 /* SKPhotoBrowserOptions.swift in Sources */ = {isa = PBXBuildFile; fileRef = 429236B32030958200AEB2C8 /* SKPhotoBrowserOptions.swift */; };
		429236CC2030958200AEB2C8 /* SKToolbar.swift in Sources */ = {isa = PBXBuildFile; fileRef = 429236B42030958200AEB2C8 /* SKToolbar.swift */; };
		429236CD2030958200AEB2C8 /* SKZoomingScrollView.swift in Sources */ = {isa = PBXBuildFile; fileRef = 429236B52030958200AEB2C8 /* SKZoomingScrollView.swift */; };
		429236CE2030958200AEB2C8 /* UIApplication+UIWindow.swift in Sources */ = {isa = PBXBuildFile; fileRef = 429236B62030958200AEB2C8 /* UIApplication+UIWindow.swift */; };
		429236D02030A14500AEB2C8 /* FavButton.swift in Sources */ = {isa = PBXBuildFile; fileRef = 429236CF2030A14500AEB2C8 /* FavButton.swift */; };
		429236D22030A1A100AEB2C8 /* FaveIcon.swift in Sources */ = {isa = PBXBuildFile; fileRef = 429236D12030A1A100AEB2C8 /* FaveIcon.swift */; };
		429236D42030A1C000AEB2C8 /* Ring.swift in Sources */ = {isa = PBXBuildFile; fileRef = 429236D32030A1C000AEB2C8 /* Ring.swift */; };
		429236D62030A1DA00AEB2C8 /* Spark.swift in Sources */ = {isa = PBXBuildFile; fileRef = 429236D52030A1DA00AEB2C8 /* Spark.swift */; };
		429236E22031E93B00AEB2C8 /* SettingsViewController.swift in Sources */ = {isa = PBXBuildFile; fileRef = 429236E12031E93B00AEB2C8 /* SettingsViewController.swift */; };
		429236E42031F53900AEB2C8 /* UserManager.swift in Sources */ = {isa = PBXBuildFile; fileRef = 429236E32031F53900AEB2C8 /* UserManager.swift */; };
		429236EA20337D3800AEB2C8 /* Constraints+.swift in Sources */ = {isa = PBXBuildFile; fileRef = 429236E620337D3800AEB2C8 /* Constraints+.swift */; };
		429236EB20337D3800AEB2C8 /* Easing.swift in Sources */ = {isa = PBXBuildFile; fileRef = 429236E720337D3800AEB2C8 /* Easing.swift */; };
		429236EC20337D3800AEB2C8 /* Geometry.swift in Sources */ = {isa = PBXBuildFile; fileRef = 429236E820337D3800AEB2C8 /* Geometry.swift */; };
		429236ED20337D3800AEB2C8 /* Init.swift in Sources */ = {isa = PBXBuildFile; fileRef = 429236E920337D3800AEB2C8 /* Init.swift */; };
		42EA46CE1FC4C530005E4EB4 /* AppDelegate.swift in Sources */ = {isa = PBXBuildFile; fileRef = 42EA46CD1FC4C530005E4EB4 /* AppDelegate.swift */; };
		42EA46D31FC4C530005E4EB4 /* Main.storyboard in Resources */ = {isa = PBXBuildFile; fileRef = 42EA46D11FC4C530005E4EB4 /* Main.storyboard */; };
		42EA46D51FC4C530005E4EB4 /* Assets.xcassets in Resources */ = {isa = PBXBuildFile; fileRef = 42EA46D41FC4C530005E4EB4 /* Assets.xcassets */; };
		42EA46D81FC4C530005E4EB4 /* LaunchScreen.storyboard in Resources */ = {isa = PBXBuildFile; fileRef = 42EA46D61FC4C530005E4EB4 /* LaunchScreen.storyboard */; };
		42EA46E01FC4C67E005E4EB4 /* MainViewController.swift in Sources */ = {isa = PBXBuildFile; fileRef = 42EA46DF1FC4C67E005E4EB4 /* MainViewController.swift */; };
		42EA46E61FCA14C6005E4EB4 /* SlideMenuController.swift in Sources */ = {isa = PBXBuildFile; fileRef = 42EA46E51FCA14C6005E4EB4 /* SlideMenuController.swift */; };
		42EA46E81FCA153A005E4EB4 /* MenuViewController.swift in Sources */ = {isa = PBXBuildFile; fileRef = 42EA46E71FCA153A005E4EB4 /* MenuViewController.swift */; };
		42EA46EA1FCA1C14005E4EB4 /* Utility.swift in Sources */ = {isa = PBXBuildFile; fileRef = 42EA46E91FCA1C14005E4EB4 /* Utility.swift */; };
/* End PBXBuildFile section */

/* Begin PBXFileReference section */
		4214D7312020C8AD0028DB0C /* NetworkManager.swift */ = {isa = PBXFileReference; lastKnownFileType = sourcecode.swift; path = NetworkManager.swift; sourceTree = "<group>"; };
		4214D7392020E8490028DB0C /* APIManager.swift */ = {isa = PBXFileReference; lastKnownFileType = sourcecode.swift; path = APIManager.swift; sourceTree = "<group>"; };
		4214D73F2022115E0028DB0C /* Menu.swift */ = {isa = PBXFileReference; lastKnownFileType = sourcecode.swift; path = Menu.swift; sourceTree = "<group>"; };
		4214D7422023F1240028DB0C /* MUIAlertController.swift */ = {isa = PBXFileReference; lastKnownFileType = sourcecode.swift; path = MUIAlertController.swift; sourceTree = "<group>"; };
		4214D7452023F1670028DB0C /* MUIAlertAction.swift */ = {isa = PBXFileReference; lastKnownFileType = sourcecode.swift; path = MUIAlertAction.swift; sourceTree = "<group>"; };
		4214D7472023FA100028DB0C /* UIColor+MUIAlertController.swift */ = {isa = PBXFileReference; lastKnownFileType = sourcecode.swift; path = "UIColor+MUIAlertController.swift"; sourceTree = "<group>"; };
		42923689202A0B4A00AEB2C8 /* MainCollectionViewCell.swift */ = {isa = PBXFileReference; lastKnownFileType = sourcecode.swift; path = MainCollectionViewCell.swift; sourceTree = "<group>"; };
		4292368F202CA40800AEB2C8 /* FavoritesViewController.swift */ = {isa = PBXFileReference; lastKnownFileType = sourcecode.swift; path = FavoritesViewController.swift; sourceTree = "<group>"; };
		42923691202CA44F00AEB2C8 /* MBaseViewController.swift */ = {isa = PBXFileReference; lastKnownFileType = sourcecode.swift; path = MBaseViewController.swift; sourceTree = "<group>"; };
		42923693202CA85C00AEB2C8 /* ErrorView.swift */ = {isa = PBXFileReference; lastKnownFileType = sourcecode.swift; path = ErrorView.swift; sourceTree = "<group>"; };
		42923696202E444100AEB2C8 /* User.swift */ = {isa = PBXFileReference; lastKnownFileType = sourcecode.swift; path = User.swift; sourceTree = "<group>"; };
		42923698202E48A500AEB2C8 /* UIImage+Gif.swift */ = {isa = PBXFileReference; lastKnownFileType = sourcecode.swift; path = "UIImage+Gif.swift"; sourceTree = "<group>"; };
		4292369A202E533700AEB2C8 /* ImagesViewController.swift */ = {isa = PBXFileReference; lastKnownFileType = sourcecode.swift; path = ImagesViewController.swift; sourceTree = "<group>"; };
		4292369E2030958200AEB2C8 /* UIImage+Rotation.swift */ = {isa = PBXFileReference; fileEncoding = 4; lastKnownFileType = sourcecode.swift; path = "UIImage+Rotation.swift"; sourceTree = "<group>"; };
		4292369F2030958200AEB2C8 /* UIView+Radius.swift */ = {isa = PBXFileReference; fileEncoding = 4; lastKnownFileType = sourcecode.swift; path = "UIView+Radius.swift"; sourceTree = "<group>"; };
		429236A02030958200AEB2C8 /* Info.plist */ = {isa = PBXFileReference; fileEncoding = 4; lastKnownFileType = text.plist.xml; path = Info.plist; sourceTree = "<group>"; };
		429236A12030958200AEB2C8 /* SKActionView.swift */ = {isa = PBXFileReference; fileEncoding = 4; lastKnownFileType = sourcecode.swift; path = SKActionView.swift; sourceTree = "<group>"; };
		429236A22030958200AEB2C8 /* SKAnimator.swift */ = {isa = PBXFileReference; fileEncoding = 4; lastKnownFileType = sourcecode.swift; path = SKAnimator.swift; sourceTree = "<group>"; };
		429236A32030958200AEB2C8 /* SKButtons.swift */ = {isa = PBXFileReference; fileEncoding = 4; lastKnownFileType = sourcecode.swift; path = SKButtons.swift; sourceTree = "<group>"; };
		429236A42030958200AEB2C8 /* SKCache.swift */ = {isa = PBXFileReference; fileEncoding = 4; lastKnownFileType = sourcecode.swift; path = SKCache.swift; sourceTree = "<group>"; };
		429236A52030958200AEB2C8 /* SKCacheable.swift */ = {isa = PBXFileReference; fileEncoding = 4; lastKnownFileType = sourcecode.swift; path = SKCacheable.swift; sourceTree = "<group>"; };
		429236A62030958200AEB2C8 /* SKCaptionView.swift */ = {isa = PBXFileReference; fileEncoding = 4; lastKnownFileType = sourcecode.swift; path = SKCaptionView.swift; sourceTree = "<group>"; };
		429236A72030958200AEB2C8 /* SKDetectingImageView.swift */ = {isa = PBXFileReference; fileEncoding = 4; lastKnownFileType = sourcecode.swift; path = SKDetectingImageView.swift; sourceTree = "<group>"; };
		429236A82030958200AEB2C8 /* SKDetectingView.swift */ = {isa = PBXFileReference; fileEncoding = 4; lastKnownFileType = sourcecode.swift; path = SKDetectingView.swift; sourceTree = "<group>"; };
		429236A92030958200AEB2C8 /* SKIndicatorView.swift */ = {isa = PBXFileReference; fileEncoding = 4; lastKnownFileType = sourcecode.swift; path = SKIndicatorView.swift; sourceTree = "<group>"; };
		429236AA2030958200AEB2C8 /* SKLocalPhoto.swift */ = {isa = PBXFileReference; fileEncoding = 4; lastKnownFileType = sourcecode.swift; path = SKLocalPhoto.swift; sourceTree = "<group>"; };
		429236AB2030958200AEB2C8 /* SKMesurement.swift */ = {isa = PBXFileReference; fileEncoding = 4; lastKnownFileType = sourcecode.swift; path = SKMesurement.swift; sourceTree = "<group>"; };
		429236AC2030958200AEB2C8 /* SKPaginationView.swift */ = {isa = PBXFileReference; fileEncoding = 4; lastKnownFileType = sourcecode.swift; path = SKPaginationView.swift; sourceTree = "<group>"; };
		429236AD2030958200AEB2C8 /* SKPagingScrollView.swift */ = {isa = PBXFileReference; fileEncoding = 4; lastKnownFileType = sourcecode.swift; path = SKPagingScrollView.swift; sourceTree = "<group>"; };
		429236AE2030958200AEB2C8 /* SKPhoto.swift */ = {isa = PBXFileReference; fileEncoding = 4; lastKnownFileType = sourcecode.swift; path = SKPhoto.swift; sourceTree = "<group>"; };
		429236AF2030958200AEB2C8 /* SKPhotoBrowser.bundle */ = {isa = PBXFileReference; lastKnownFileType = "wrapper.plug-in"; path = SKPhotoBrowser.bundle; sourceTree = "<group>"; };
		429236B02030958200AEB2C8 /* SKPhotoBrowser.h */ = {isa = PBXFileReference; fileEncoding = 4; lastKnownFileType = sourcecode.c.h; path = SKPhotoBrowser.h; sourceTree = "<group>"; };
		429236B12030958200AEB2C8 /* SKPhotoBrowser.swift */ = {isa = PBXFileReference; fileEncoding = 4; lastKnownFileType = sourcecode.swift; path = SKPhotoBrowser.swift; sourceTree = "<group>"; };
		429236B22030958200AEB2C8 /* SKPhotoBrowserDelegate.swift */ = {isa = PBXFileReference; fileEncoding = 4; lastKnownFileType = sourcecode.swift; path = SKPhotoBrowserDelegate.swift; sourceTree = "<group>"; };
		429236B32030958200AEB2C8 /* SKPhotoBrowserOptions.swift */ = {isa = PBXFileReference; fileEncoding = 4; lastKnownFileType = sourcecode.swift; path = SKPhotoBrowserOptions.swift; sourceTree = "<group>"; };
		429236B42030958200AEB2C8 /* SKToolbar.swift */ = {isa = PBXFileReference; fileEncoding = 4; lastKnownFileType = sourcecode.swift; path = SKToolbar.swift; sourceTree = "<group>"; };
		429236B52030958200AEB2C8 /* SKZoomingScrollView.swift */ = {isa = PBXFileReference; fileEncoding = 4; lastKnownFileType = sourcecode.swift; path = SKZoomingScrollView.swift; sourceTree = "<group>"; };
		429236B62030958200AEB2C8 /* UIApplication+UIWindow.swift */ = {isa = PBXFileReference; fileEncoding = 4; lastKnownFileType = sourcecode.swift; path = "UIApplication+UIWindow.swift"; sourceTree = "<group>"; };
		429236CF2030A14500AEB2C8 /* FavButton.swift */ = {isa = PBXFileReference; lastKnownFileType = sourcecode.swift; path = FavButton.swift; sourceTree = "<group>"; };
		429236D12030A1A100AEB2C8 /* FaveIcon.swift */ = {isa = PBXFileReference; lastKnownFileType = sourcecode.swift; path = FaveIcon.swift; sourceTree = "<group>"; };
		429236D32030A1C000AEB2C8 /* Ring.swift */ = {isa = PBXFileReference; lastKnownFileType = sourcecode.swift; path = Ring.swift; sourceTree = "<group>"; };
		429236D52030A1DA00AEB2C8 /* Spark.swift */ = {isa = PBXFileReference; lastKnownFileType = sourcecode.swift; path = Spark.swift; sourceTree = "<group>"; };
		429236E12031E93B00AEB2C8 /* SettingsViewController.swift */ = {isa = PBXFileReference; lastKnownFileType = sourcecode.swift; path = SettingsViewController.swift; sourceTree = "<group>"; };
		429236E32031F53900AEB2C8 /* UserManager.swift */ = {isa = PBXFileReference; lastKnownFileType = sourcecode.swift; path = UserManager.swift; sourceTree = "<group>"; };
		429236E620337D3800AEB2C8 /* Constraints+.swift */ = {isa = PBXFileReference; fileEncoding = 4; lastKnownFileType = sourcecode.swift; path = "Constraints+.swift"; sourceTree = "<group>"; };
		429236E720337D3800AEB2C8 /* Easing.swift */ = {isa = PBXFileReference; fileEncoding = 4; lastKnownFileType = sourcecode.swift; path = Easing.swift; sourceTree = "<group>"; };
		429236E820337D3800AEB2C8 /* Geometry.swift */ = {isa = PBXFileReference; fileEncoding = 4; lastKnownFileType = sourcecode.swift; path = Geometry.swift; sourceTree = "<group>"; };
		429236E920337D3800AEB2C8 /* Init.swift */ = {isa = PBXFileReference; fileEncoding = 4; lastKnownFileType = sourcecode.swift; path = Init.swift; sourceTree = "<group>"; };
		42EA46CA1FC4C530005E4EB4 /* Mauritius.app */ = {isa = PBXFileReference; explicitFileType = wrapper.application; includeInIndex = 0; path = Mauritius.app; sourceTree = BUILT_PRODUCTS_DIR; };
		42EA46CD1FC4C530005E4EB4 /* AppDelegate.swift */ = {isa = PBXFileReference; lastKnownFileType = sourcecode.swift; path = AppDelegate.swift; sourceTree = "<group>"; };
		42EA46D21FC4C530005E4EB4 /* Base */ = {isa = PBXFileReference; lastKnownFileType = file.storyboard; name = Base; path = Base.lproj/Main.storyboard; sourceTree = "<group>"; };
		42EA46D41FC4C530005E4EB4 /* Assets.xcassets */ = {isa = PBXFileReference; lastKnownFileType = folder.assetcatalog; path = Assets.xcassets; sourceTree = "<group>"; };
		42EA46D71FC4C530005E4EB4 /* Base */ = {isa = PBXFileReference; lastKnownFileType = file.storyboard; name = Base; path = Base.lproj/LaunchScreen.storyboard; sourceTree = "<group>"; };
		42EA46D91FC4C530005E4EB4 /* Info.plist */ = {isa = PBXFileReference; lastKnownFileType = text.plist.xml; path = Info.plist; sourceTree = "<group>"; };
		42EA46DF1FC4C67E005E4EB4 /* MainViewController.swift */ = {isa = PBXFileReference; lastKnownFileType = sourcecode.swift; path = MainViewController.swift; sourceTree = "<group>"; };
		42EA46E51FCA14C6005E4EB4 /* SlideMenuController.swift */ = {isa = PBXFileReference; lastKnownFileType = sourcecode.swift; path = SlideMenuController.swift; sourceTree = "<group>"; };
		42EA46E71FCA153A005E4EB4 /* MenuViewController.swift */ = {isa = PBXFileReference; lastKnownFileType = sourcecode.swift; path = MenuViewController.swift; sourceTree = "<group>"; };
		42EA46E91FCA1C14005E4EB4 /* Utility.swift */ = {isa = PBXFileReference; lastKnownFileType = sourcecode.swift; path = Utility.swift; sourceTree = "<group>"; };
/* End PBXFileReference section */

/* Begin PBXFrameworksBuildPhase section */
		42EA46C71FC4C530005E4EB4 /* Frameworks */ = {
			isa = PBXFrameworksBuildPhase;
			buildActionMask = 2147483647;
			files = (
			);
			runOnlyForDeploymentPostprocessing = 0;
		};
/* End PBXFrameworksBuildPhase section */

/* Begin PBXGroup section */
		4214D7332020E7B40028DB0C /* ViewController */ = {
			isa = PBXGroup;
			children = (
				42EA46E71FCA153A005E4EB4 /* MenuViewController.swift */,
				42EA46DF1FC4C67E005E4EB4 /* MainViewController.swift */,
				42EA46E51FCA14C6005E4EB4 /* SlideMenuController.swift */,
				4292368F202CA40800AEB2C8 /* FavoritesViewController.swift */,
				42923691202CA44F00AEB2C8 /* MBaseViewController.swift */,
				4292369A202E533700AEB2C8 /* ImagesViewController.swift */,
				429236E12031E93B00AEB2C8 /* SettingsViewController.swift */,
			);
			path = ViewController;
			sourceTree = "<group>";
		};
		4214D7342020E7C00028DB0C /* UI */ = {
			isa = PBXGroup;
			children = (
				4292369C2030958200AEB2C8 /* SKPhotoBrowser */,
				42923695202CA86F00AEB2C8 /* Views */,
				4214D7332020E7B40028DB0C /* ViewController */,
				4214D7442023F1290028DB0C /* Alert */,
			);
			path = UI;
			sourceTree = "<group>";
		};
		4214D7352020E7CE0028DB0C /* Utility */ = {
			isa = PBXGroup;
			children = (
				429236E520337D3800AEB2C8 /* Helpers */,
				42EA46E91FCA1C14005E4EB4 /* Utility.swift */,
				42923698202E48A500AEB2C8 /* UIImage+Gif.swift */,
			);
			path = Utility;
			sourceTree = "<group>";
		};
		4214D7362020E7D60028DB0C /* Managers */ = {
			isa = PBXGroup;
			children = (
				4214D7372020E7E50028DB0C /* Network */,
				4214D7392020E8490028DB0C /* APIManager.swift */,
				429236E32031F53900AEB2C8 /* UserManager.swift */,
			);
			path = Managers;
			sourceTree = "<group>";
		};
		4214D7372020E7E50028DB0C /* Network */ = {
			isa = PBXGroup;
			children = (
				4214D7312020C8AD0028DB0C /* NetworkManager.swift */,
			);
			path = Network;
			sourceTree = "<group>";
		};
		4214D7382020E8290028DB0C /* Boards */ = {
			isa = PBXGroup;
			children = (
				42EA46D11FC4C530005E4EB4 /* Main.storyboard */,
				42EA46D61FC4C530005E4EB4 /* LaunchScreen.storyboard */,
			);
			path = Boards;
			sourceTree = "<group>";
		};
		4214D741202216530028DB0C /* Model */ = {
			isa = PBXGroup;
			children = (
				4214D73F2022115E0028DB0C /* Menu.swift */,
				42923696202E444100AEB2C8 /* User.swift */,
			);
			path = Model;
			sourceTree = "<group>";
		};
		4214D7442023F1290028DB0C /* Alert */ = {
			isa = PBXGroup;
			children = (
				4214D7422023F1240028DB0C /* MUIAlertController.swift */,
				4214D7452023F1670028DB0C /* MUIAlertAction.swift */,
				4214D7472023FA100028DB0C /* UIColor+MUIAlertController.swift */,
			);
			path = Alert;
			sourceTree = "<group>";
		};
		42923695202CA86F00AEB2C8 /* Views */ = {
			isa = PBXGroup;
			children = (
				42923689202A0B4A00AEB2C8 /* MainCollectionViewCell.swift */,
				42923693202CA85C00AEB2C8 /* ErrorView.swift */,
				429236CF2030A14500AEB2C8 /* FavButton.swift */,
				429236D12030A1A100AEB2C8 /* FaveIcon.swift */,
				429236D32030A1C000AEB2C8 /* Ring.swift */,
				429236D52030A1DA00AEB2C8 /* Spark.swift */,
			);
			path = Views;
			sourceTree = "<group>";
		};
		4292369C2030958200AEB2C8 /* SKPhotoBrowser */ = {
			isa = PBXGroup;
			children = (
				4292369D2030958200AEB2C8 /* extensions */,
				429236A02030958200AEB2C8 /* Info.plist */,
				429236A12030958200AEB2C8 /* SKActionView.swift */,
				429236A22030958200AEB2C8 /* SKAnimator.swift */,
				429236A32030958200AEB2C8 /* SKButtons.swift */,
				429236A42030958200AEB2C8 /* SKCache.swift */,
				429236A52030958200AEB2C8 /* SKCacheable.swift */,
				429236A62030958200AEB2C8 /* SKCaptionView.swift */,
				429236A72030958200AEB2C8 /* SKDetectingImageView.swift */,
				429236A82030958200AEB2C8 /* SKDetectingView.swift */,
				429236A92030958200AEB2C8 /* SKIndicatorView.swift */,
				429236AA2030958200AEB2C8 /* SKLocalPhoto.swift */,
				429236AB2030958200AEB2C8 /* SKMesurement.swift */,
				429236AC2030958200AEB2C8 /* SKPaginationView.swift */,
				429236AD2030958200AEB2C8 /* SKPagingScrollView.swift */,
				429236AE2030958200AEB2C8 /* SKPhoto.swift */,
				429236AF2030958200AEB2C8 /* SKPhotoBrowser.bundle */,
				429236B02030958200AEB2C8 /* SKPhotoBrowser.h */,
				429236B12030958200AEB2C8 /* SKPhotoBrowser.swift */,
				429236B22030958200AEB2C8 /* SKPhotoBrowserDelegate.swift */,
				429236B32030958200AEB2C8 /* SKPhotoBrowserOptions.swift */,
				429236B42030958200AEB2C8 /* SKToolbar.swift */,
				429236B52030958200AEB2C8 /* SKZoomingScrollView.swift */,
				429236B62030958200AEB2C8 /* UIApplication+UIWindow.swift */,
			);
			path = SKPhotoBrowser;
			sourceTree = "<group>";
		};
		4292369D2030958200AEB2C8 /* extensions */ = {
			isa = PBXGroup;
			children = (
				4292369E2030958200AEB2C8 /* UIImage+Rotation.swift */,
				4292369F2030958200AEB2C8 /* UIView+Radius.swift */,
			);
			path = extensions;
			sourceTree = "<group>";
		};
		429236E520337D3800AEB2C8 /* Helpers */ = {
			isa = PBXGroup;
			children = (
				429236E620337D3800AEB2C8 /* Constraints+.swift */,
				429236E720337D3800AEB2C8 /* Easing.swift */,
				429236E820337D3800AEB2C8 /* Geometry.swift */,
				429236E920337D3800AEB2C8 /* Init.swift */,
			);
			name = Helpers;
			path = "../../../../../Downloads/fave-button-master/Source/Helpers";
			sourceTree = "<group>";
		};
		42EA46C11FC4C530005E4EB4 = {
			isa = PBXGroup;
			children = (
				42EA46CC1FC4C530005E4EB4 /* Mauritius */,
				42EA46CB1FC4C530005E4EB4 /* Products */,
			);
			sourceTree = "<group>";
		};
		42EA46CB1FC4C530005E4EB4 /* Products */ = {
			isa = PBXGroup;
			children = (
				42EA46CA1FC4C530005E4EB4 /* Mauritius.app */,
			);
			name = Products;
			sourceTree = "<group>";
		};
		42EA46CC1FC4C530005E4EB4 /* Mauritius */ = {
			isa = PBXGroup;
			children = (
				4214D741202216530028DB0C /* Model */,
				42EA46CD1FC4C530005E4EB4 /* AppDelegate.swift */,
				4214D7352020E7CE0028DB0C /* Utility */,
				4214D7342020E7C00028DB0C /* UI */,
				4214D7362020E7D60028DB0C /* Managers */,
				4214D7382020E8290028DB0C /* Boards */,
				42EA46D41FC4C530005E4EB4 /* Assets.xcassets */,
				42EA46D91FC4C530005E4EB4 /* Info.plist */,
			);
			path = Mauritius;
			sourceTree = "<group>";
		};
/* End PBXGroup section */

/* Begin PBXNativeTarget section */
		42EA46C91FC4C530005E4EB4 /* Mauritius */ = {
			isa = PBXNativeTarget;
			buildConfigurationList = 42EA46DC1FC4C530005E4EB4 /* Build configuration list for PBXNativeTarget "Mauritius" */;
			buildPhases = (
				42EA46C61FC4C530005E4EB4 /* Sources */,
				42EA46C71FC4C530005E4EB4 /* Frameworks */,
				42EA46C81FC4C530005E4EB4 /* Resources */,
			);
			buildRules = (
			);
			dependencies = (
			);
			name = Mauritius;
			productName = Mauritius;
			productReference = 42EA46CA1FC4C530005E4EB4 /* Mauritius.app */;
			productType = "com.apple.product-type.application";
		};
/* End PBXNativeTarget section */

/* Begin PBXProject section */
		42EA46C21FC4C530005E4EB4 /* Project object */ = {
			isa = PBXProject;
			attributes = {
				LastSwiftUpdateCheck = 0910;
				LastUpgradeCheck = 0910;
				ORGANIZATIONNAME = Aviato;
				TargetAttributes = {
					42EA46C91FC4C530005E4EB4 = {
						CreatedOnToolsVersion = 9.1;
						ProvisioningStyle = Automatic;
					};
				};
			};
			buildConfigurationList = 42EA46C51FC4C530005E4EB4 /* Build configuration list for PBXProject "Mauritius" */;
			compatibilityVersion = "Xcode 8.0";
			developmentRegion = en;
			hasScannedForEncodings = 0;
			knownRegions = (
				en,
				Base,
			);
			mainGroup = 42EA46C11FC4C530005E4EB4;
			productRefGroup = 42EA46CB1FC4C530005E4EB4 /* Products */;
			projectDirPath = "";
			projectRoot = "";
			targets = (
				42EA46C91FC4C530005E4EB4 /* Mauritius */,
			);
		};
/* End PBXProject section */

/* Begin PBXResourcesBuildPhase section */
		42EA46C81FC4C530005E4EB4 /* Resources */ = {
			isa = PBXResourcesBuildPhase;
			buildActionMask = 2147483647;
			files = (
				429236B92030958200AEB2C8 /* Info.plist in Resources */,
				42EA46D81FC4C530005E4EB4 /* LaunchScreen.storyboard in Resources */,
				42EA46D51FC4C530005E4EB4 /* Assets.xcassets in Resources */,
				42EA46D31FC4C530005E4EB4 /* Main.storyboard in Resources */,
				429236C82030958200AEB2C8 /* SKPhotoBrowser.bundle in Resources */,
			);
			runOnlyForDeploymentPostprocessing = 0;
		};
/* End PBXResourcesBuildPhase section */

/* Begin PBXSourcesBuildPhase section */
		42EA46C61FC4C530005E4EB4 /* Sources */ = {
			isa = PBXSourcesBuildPhase;
			buildActionMask = 2147483647;
			files = (
				429236BC2030958200AEB2C8 /* SKButtons.swift in Sources */,
				4292369B202E533700AEB2C8 /* ImagesViewController.swift in Sources */,
				429236BD2030958200AEB2C8 /* SKCache.swift in Sources */,
				42923699202E48A500AEB2C8 /* UIImage+Gif.swift in Sources */,
				429236C12030958200AEB2C8 /* SKDetectingView.swift in Sources */,
				429236CB2030958200AEB2C8 /* SKPhotoBrowserOptions.swift in Sources */,
				429236D02030A14500AEB2C8 /* FavButton.swift in Sources */,
				42923690202CA40800AEB2C8 /* FavoritesViewController.swift in Sources */,
				4214D7462023F1670028DB0C /* MUIAlertAction.swift in Sources */,
				4214D7322020C8AD0028DB0C /* NetworkManager.swift in Sources */,
				42EA46EA1FCA1C14005E4EB4 /* Utility.swift in Sources */,
				429236BB2030958200AEB2C8 /* SKAnimator.swift in Sources */,
				429236BF2030958200AEB2C8 /* SKCaptionView.swift in Sources */,
				42923697202E444100AEB2C8 /* User.swift in Sources */,
				429236EB20337D3800AEB2C8 /* Easing.swift in Sources */,
				429236C92030958200AEB2C8 /* SKPhotoBrowser.swift in Sources */,
				429236C32030958200AEB2C8 /* SKLocalPhoto.swift in Sources */,
				429236E42031F53900AEB2C8 /* UserManager.swift in Sources */,
				429236D22030A1A100AEB2C8 /* FaveIcon.swift in Sources */,
				429236EA20337D3800AEB2C8 /* Constraints+.swift in Sources */,
				42EA46E01FC4C67E005E4EB4 /* MainViewController.swift in Sources */,
				429236C42030958200AEB2C8 /* SKMesurement.swift in Sources */,
				429236EC20337D3800AEB2C8 /* Geometry.swift in Sources */,
				429236ED20337D3800AEB2C8 /* Init.swift in Sources */,
				429236BA2030958200AEB2C8 /* SKActionView.swift in Sources */,
				429236CE2030958200AEB2C8 /* UIApplication+UIWindow.swift in Sources */,
				429236C02030958200AEB2C8 /* SKDetectingImageView.swift in Sources */,
				42EA46E81FCA153A005E4EB4 /* MenuViewController.swift in Sources */,
				42EA46E61FCA14C6005E4EB4 /* SlideMenuController.swift in Sources */,
				429236CD2030958200AEB2C8 /* SKZoomingScrollView.swift in Sources */,
				429236C62030958200AEB2C8 /* SKPagingScrollView.swift in Sources */,
				429236E22031E93B00AEB2C8 /* SettingsViewController.swift in Sources */,
				429236B72030958200AEB2C8 /* UIImage+Rotation.swift in Sources */,
				429236C52030958200AEB2C8 /* SKPaginationView.swift in Sources */,
				429236C72030958200AEB2C8 /* SKPhoto.swift in Sources */,
				429236D42030A1C000AEB2C8 /* Ring.swift in Sources */,
				42923692202CA44F00AEB2C8 /* MBaseViewController.swift in Sources */,
				4214D7482023FA100028DB0C /* UIColor+MUIAlertController.swift in Sources */,
				4292368A202A0B4A00AEB2C8 /* MainCollectionViewCell.swift in Sources */,
				429236C22030958200AEB2C8 /* SKIndicatorView.swift in Sources */,
				429236B82030958200AEB2C8 /* UIView+Radius.swift in Sources */,
				42923694202CA85C00AEB2C8 /* ErrorView.swift in Sources */,
				429236CA2030958200AEB2C8 /* SKPhotoBrowserDelegate.swift in Sources */,
				4214D7402022115E0028DB0C /* Menu.swift in Sources */,
				429236BE2030958200AEB2C8 /* SKCacheable.swift in Sources */,
				42EA46CE1FC4C530005E4EB4 /* AppDelegate.swift in Sources */,
				4214D73A2020E8490028DB0C /* APIManager.swift in Sources */,
				4214D7432023F1240028DB0C /* MUIAlertController.swift in Sources */,
				429236CC2030958200AEB2C8 /* SKToolbar.swift in Sources */,
				429236D62030A1DA00AEB2C8 /* Spark.swift in Sources */,
			);
			runOnlyForDeploymentPostprocessing = 0;
		};
/* End PBXSourcesBuildPhase section */

/* Begin PBXVariantGroup section */
		42EA46D11FC4C530005E4EB4 /* Main.storyboard */ = {
			isa = PBXVariantGroup;
			children = (
				42EA46D21FC4C530005E4EB4 /* Base */,
			);
			name = Main.storyboard;
			sourceTree = "<group>";
		};
		42EA46D61FC4C530005E4EB4 /* LaunchScreen.storyboard */ = {
			isa = PBXVariantGroup;
			children = (
				42EA46D71FC4C530005E4EB4 /* Base */,
			);
			name = LaunchScreen.storyboard;
			sourceTree = "<group>";
		};
/* End PBXVariantGroup section */

/* Begin XCBuildConfiguration section */
		42EA46DA1FC4C530005E4EB4 /* Debug */ = {
			isa = XCBuildConfiguration;
			buildSettings = {
				ALWAYS_SEARCH_USER_PATHS = NO;
				CLANG_ANALYZER_NONNULL = YES;
				CLANG_ANALYZER_NUMBER_OBJECT_CONVERSION = YES_AGGRESSIVE;
				CLANG_CXX_LANGUAGE_STANDARD = "gnu++14";
				CLANG_CXX_LIBRARY = "libc++";
				CLANG_ENABLE_MODULES = YES;
				CLANG_ENABLE_OBJC_ARC = YES;
				CLANG_WARN_BLOCK_CAPTURE_AUTORELEASING = YES;
				CLANG_WARN_BOOL_CONVERSION = YES;
				CLANG_WARN_COMMA = YES;
				CLANG_WARN_CONSTANT_CONVERSION = YES;
				CLANG_WARN_DIRECT_OBJC_ISA_USAGE = YES_ERROR;
				CLANG_WARN_DOCUMENTATION_COMMENTS = YES;
				CLANG_WARN_EMPTY_BODY = YES;
				CLANG_WARN_ENUM_CONVERSION = YES;
				CLANG_WARN_INFINITE_RECURSION = YES;
				CLANG_WARN_INT_CONVERSION = YES;
				CLANG_WARN_NON_LITERAL_NULL_CONVERSION = YES;
				CLANG_WARN_OBJC_LITERAL_CONVERSION = YES;
				CLANG_WARN_OBJC_ROOT_CLASS = YES_ERROR;
				CLANG_WARN_RANGE_LOOP_ANALYSIS = YES;
				CLANG_WARN_STRICT_PROTOTYPES = YES;
				CLANG_WARN_SUSPICIOUS_MOVE = YES;
				CLANG_WARN_UNGUARDED_AVAILABILITY = YES_AGGRESSIVE;
				CLANG_WARN_UNREACHABLE_CODE = YES;
				CLANG_WARN__DUPLICATE_METHOD_MATCH = YES;
				CODE_SIGN_IDENTITY = "iPhone Developer";
				COPY_PHASE_STRIP = NO;
				DEBUG_INFORMATION_FORMAT = dwarf;
				ENABLE_STRICT_OBJC_MSGSEND = YES;
				ENABLE_TESTABILITY = YES;
				GCC_C_LANGUAGE_STANDARD = gnu11;
				GCC_DYNAMIC_NO_PIC = NO;
				GCC_NO_COMMON_BLOCKS = YES;
				GCC_OPTIMIZATION_LEVEL = 0;
				GCC_PREPROCESSOR_DEFINITIONS = (
					"DEBUG=1",
					"$(inherited)",
				);
				GCC_WARN_64_TO_32_BIT_CONVERSION = YES;
				GCC_WARN_ABOUT_RETURN_TYPE = YES_ERROR;
				GCC_WARN_UNDECLARED_SELECTOR = YES;
				GCC_WARN_UNINITIALIZED_AUTOS = YES_AGGRESSIVE;
				GCC_WARN_UNUSED_FUNCTION = YES;
				GCC_WARN_UNUSED_VARIABLE = YES;
				IPHONEOS_DEPLOYMENT_TARGET = 11.1;
				MTL_ENABLE_DEBUG_INFO = YES;
				ONLY_ACTIVE_ARCH = YES;
				SDKROOT = iphoneos;
				SWIFT_ACTIVE_COMPILATION_CONDITIONS = DEBUG;
				SWIFT_OPTIMIZATION_LEVEL = "-Onone";
			};
			name = Debug;
		};
		42EA46DB1FC4C530005E4EB4 /* Release */ = {
			isa = XCBuildConfiguration;
			buildSettings = {
				ALWAYS_SEARCH_USER_PATHS = NO;
				CLANG_ANALYZER_NONNULL = YES;
				CLANG_ANALYZER_NUMBER_OBJECT_CONVERSION = YES_AGGRESSIVE;
				CLANG_CXX_LANGUAGE_STANDARD = "gnu++14";
				CLANG_CXX_LIBRARY = "libc++";
				CLANG_ENABLE_MODULES = YES;
				CLANG_ENABLE_OBJC_ARC = YES;
				CLANG_WARN_BLOCK_CAPTURE_AUTORELEASING = YES;
				CLANG_WARN_BOOL_CONVERSION = YES;
				CLANG_WARN_COMMA = YES;
				CLANG_WARN_CONSTANT_CONVERSION = YES;
				CLANG_WARN_DIRECT_OBJC_ISA_USAGE = YES_ERROR;
				CLANG_WARN_DOCUMENTATION_COMMENTS = YES;
				CLANG_WARN_EMPTY_BODY = YES;
				CLANG_WARN_ENUM_CONVERSION = YES;
				CLANG_WARN_INFINITE_RECURSION = YES;
				CLANG_WARN_INT_CONVERSION = YES;
				CLANG_WARN_NON_LITERAL_NULL_CONVERSION = YES;
				CLANG_WARN_OBJC_LITERAL_CONVERSION = YES;
				CLANG_WARN_OBJC_ROOT_CLASS = YES_ERROR;
				CLANG_WARN_RANGE_LOOP_ANALYSIS = YES;
				CLANG_WARN_STRICT_PROTOTYPES = YES;
				CLANG_WARN_SUSPICIOUS_MOVE = YES;
				CLANG_WARN_UNGUARDED_AVAILABILITY = YES_AGGRESSIVE;
				CLANG_WARN_UNREACHABLE_CODE = YES;
				CLANG_WARN__DUPLICATE_METHOD_MATCH = YES;
				CODE_SIGN_IDENTITY = "iPhone Developer";
				COPY_PHASE_STRIP = NO;
				DEBUG_INFORMATION_FORMAT = "dwarf-with-dsym";
				ENABLE_NS_ASSERTIONS = NO;
				ENABLE_STRICT_OBJC_MSGSEND = YES;
				GCC_C_LANGUAGE_STANDARD = gnu11;
				GCC_NO_COMMON_BLOCKS = YES;
				GCC_WARN_64_TO_32_BIT_CONVERSION = YES;
				GCC_WARN_ABOUT_RETURN_TYPE = YES_ERROR;
				GCC_WARN_UNDECLARED_SELECTOR = YES;
				GCC_WARN_UNINITIALIZED_AUTOS = YES_AGGRESSIVE;
				GCC_WARN_UNUSED_FUNCTION = YES;
				GCC_WARN_UNUSED_VARIABLE = YES;
				IPHONEOS_DEPLOYMENT_TARGET = 11.1;
				MTL_ENABLE_DEBUG_INFO = NO;
				SDKROOT = iphoneos;
				SWIFT_OPTIMIZATION_LEVEL = "-Owholemodule";
				VALIDATE_PRODUCT = YES;
			};
			name = Release;
		};
		42EA46DD1FC4C530005E4EB4 /* Debug */ = {
			isa = XCBuildConfiguration;
			buildSettings = {
				ASSETCATALOG_COMPILER_APPICON_NAME = AppIcon;
				CODE_SIGN_STYLE = Automatic;
				DEVELOPMENT_TEAM = 7R8U9B2AP5;
				INFOPLIST_FILE = Mauritius/Info.plist;
				IPHONEOS_DEPLOYMENT_TARGET = 9.3;
				LD_RUNPATH_SEARCH_PATHS = "$(inherited) @executable_path/Frameworks";
				PRODUCT_BUNDLE_IDENTIFIER = com.aviato.Mauritius;
				PRODUCT_NAME = "$(TARGET_NAME)";
				SWIFT_VERSION = 4.0;
				TARGETED_DEVICE_FAMILY = "1,2";
			};
			name = Debug;
		};
		42EA46DE1FC4C530005E4EB4 /* Release */ = {
			isa = XCBuildConfiguration;
			buildSettings = {
				ASSETCATALOG_COMPILER_APPICON_NAME = AppIcon;
				CODE_SIGN_STYLE = Automatic;
				DEVELOPMENT_TEAM = 7R8U9B2AP5;
				INFOPLIST_FILE = Mauritius/Info.plist;
				IPHONEOS_DEPLOYMENT_TARGET = 9.3;
				LD_RUNPATH_SEARCH_PATHS = "$(inherited) @executable_path/Frameworks";
				PRODUCT_BUNDLE_IDENTIFIER = com.aviato.Mauritius;
				PRODUCT_NAME = "$(TARGET_NAME)";
				SWIFT_VERSION = 4.0;
				TARGETED_DEVICE_FAMILY = "1,2";
			};
			name = Release;
		};
/* End XCBuildConfiguration section */

/* Begin XCConfigurationList section */
		42EA46C51FC4C530005E4EB4 /* Build configuration list for PBXProject "Mauritius" */ = {
			isa = XCConfigurationList;
			buildConfigurations = (
				42EA46DA1FC4C530005E4EB4 /* Debug */,
				42EA46DB1FC4C530005E4EB4 /* Release */,
			);
			defaultConfigurationIsVisible = 0;
			defaultConfigurationName = Release;
		};
		42EA46DC1FC4C530005E4EB4 /* Build configuration list for PBXNativeTarget "Mauritius" */ = {
			isa = XCConfigurationList;
			buildConfigurations = (
				42EA46DD1FC4C530005E4EB4 /* Debug */,
				42EA46DE1FC4C530005E4EB4 /* Release */,
			);
			defaultConfigurationIsVisible = 0;
			defaultConfigurationName = Release;
		};
/* End XCConfigurationList section */
	};
	rootObject = 42EA46C21FC4C530005E4EB4 /* Project object */;
}
